// !$*UTF8*$!
{
	archiveVersion = 1;
	classes = {
	};
	objectVersion = 46;
	objects = {

/* Begin PBXBuildFile section */
		0037919B20ABFEAE14B9D1B4 /* Pods_youtubeiosUITests.framework in Frameworks */ = {isa = PBXBuildFile; fileRef = B8A2A349820F5A8F0F46A326 /* Pods_youtubeiosUITests.framework */; };
		22C1BB581F4FE7B0008102AD /* AppDelegate.swift in Sources */ = {isa = PBXBuildFile; fileRef = 22C1BB571F4FE7B0008102AD /* AppDelegate.swift */; };
		22C1BB5A1F4FE7B0008102AD /* ViewController.swift in Sources */ = {isa = PBXBuildFile; fileRef = 22C1BB591F4FE7B0008102AD /* ViewController.swift */; };
		22C1BB5D1F4FE7B1008102AD /* Main.storyboard in Resources */ = {isa = PBXBuildFile; fileRef = 22C1BB5B1F4FE7B1008102AD /* Main.storyboard */; };
		22C1BB5F1F4FE7B1008102AD /* Assets.xcassets in Resources */ = {isa = PBXBuildFile; fileRef = 22C1BB5E1F4FE7B1008102AD /* Assets.xcassets */; };
		22C1BB621F4FE7B1008102AD /* LaunchScreen.storyboard in Resources */ = {isa = PBXBuildFile; fileRef = 22C1BB601F4FE7B1008102AD /* LaunchScreen.storyboard */; };
		22C1BB6D1F4FE7B1008102AD /* youtubeiosTests.swift in Sources */ = {isa = PBXBuildFile; fileRef = 22C1BB6C1F4FE7B1008102AD /* youtubeiosTests.swift */; };
		22C1BB781F4FE7B1008102AD /* youtubeiosUITests.swift in Sources */ = {isa = PBXBuildFile; fileRef = 22C1BB771F4FE7B1008102AD /* youtubeiosUITests.swift */; };
		7907D3A0E7291F11424F63B6 /* Pods_youtubeiosTests.framework in Frameworks */ = {isa = PBXBuildFile; fileRef = 63EDD3D3D1EFBD19FB641112 /* Pods_youtubeiosTests.framework */; };
		D4A357C76ADA2D5DD350F8E8 /* Pods_youtubeios.framework in Frameworks */ = {isa = PBXBuildFile; fileRef = 8C0E834FB836709DCDD85D35 /* Pods_youtubeios.framework */; };
/* End PBXBuildFile section */

/* Begin PBXContainerItemProxy section */
		22C1BB691F4FE7B1008102AD /* PBXContainerItemProxy */ = {
			isa = PBXContainerItemProxy;
			containerPortal = 22C1BB4C1F4FE7B0008102AD /* Project object */;
			proxyType = 1;
			remoteGlobalIDString = 22C1BB531F4FE7B0008102AD;
			remoteInfo = youtubeios;
		};
		22C1BB741F4FE7B1008102AD /* PBXContainerItemProxy */ = {
			isa = PBXContainerItemProxy;
			containerPortal = 22C1BB4C1F4FE7B0008102AD /* Project object */;
			proxyType = 1;
			remoteGlobalIDString = 22C1BB531F4FE7B0008102AD;
			remoteInfo = youtubeios;
		};
/* End PBXContainerItemProxy section */

/* Begin PBXFileReference section */
		22C1BB541F4FE7B0008102AD /* youtubeios.app */ = {isa = PBXFileReference; explicitFileType = wrapper.application; includeInIndex = 0; path = youtubeios.app; sourceTree = BUILT_PRODUCTS_DIR; };
		22C1BB571F4FE7B0008102AD /* AppDelegate.swift */ = {isa = PBXFileReference; lastKnownFileType = sourcecode.swift; path = AppDelegate.swift; sourceTree = "<group>"; };
		22C1BB591F4FE7B0008102AD /* ViewController.swift */ = {isa = PBXFileReference; lastKnownFileType = sourcecode.swift; path = ViewController.swift; sourceTree = "<group>"; };
		22C1BB5C1F4FE7B1008102AD /* Base */ = {isa = PBXFileReference; lastKnownFileType = file.storyboard; name = Base; path = Base.lproj/Main.storyboard; sourceTree = "<group>"; };
		22C1BB5E1F4FE7B1008102AD /* Assets.xcassets */ = {isa = PBXFileReference; lastKnownFileType = folder.assetcatalog; path = Assets.xcassets; sourceTree = "<group>"; };
		22C1BB611F4FE7B1008102AD /* Base */ = {isa = PBXFileReference; lastKnownFileType = file.storyboard; name = Base; path = Base.lproj/LaunchScreen.storyboard; sourceTree = "<group>"; };
		22C1BB631F4FE7B1008102AD /* Info.plist */ = {isa = PBXFileReference; lastKnownFileType = text.plist.xml; path = Info.plist; sourceTree = "<group>"; };
		22C1BB681F4FE7B1008102AD /* youtubeiosTests.xctest */ = {isa = PBXFileReference; explicitFileType = wrapper.cfbundle; includeInIndex = 0; path = youtubeiosTests.xctest; sourceTree = BUILT_PRODUCTS_DIR; };
		22C1BB6C1F4FE7B1008102AD /* youtubeiosTests.swift */ = {isa = PBXFileReference; lastKnownFileType = sourcecode.swift; path = youtubeiosTests.swift; sourceTree = "<group>"; };
		22C1BB6E1F4FE7B1008102AD /* Info.plist */ = {isa = PBXFileReference; lastKnownFileType = text.plist.xml; path = Info.plist; sourceTree = "<group>"; };
		22C1BB731F4FE7B1008102AD /* youtubeiosUITests.xctest */ = {isa = PBXFileReference; explicitFileType = wrapper.cfbundle; includeInIndex = 0; path = youtubeiosUITests.xctest; sourceTree = BUILT_PRODUCTS_DIR; };
		22C1BB771F4FE7B1008102AD /* youtubeiosUITests.swift */ = {isa = PBXFileReference; lastKnownFileType = sourcecode.swift; path = youtubeiosUITests.swift; sourceTree = "<group>"; };
		22C1BB791F4FE7B1008102AD /* Info.plist */ = {isa = PBXFileReference; lastKnownFileType = text.plist.xml; path = Info.plist; sourceTree = "<group>"; };
		22C1BB851F4FE88B008102AD /* youtubeios-Bridging-Header.h */ = {isa = PBXFileReference; lastKnownFileType = sourcecode.c.h; path = "youtubeios-Bridging-Header.h"; sourceTree = "<group>"; };
		3403D653831A69202B7913EC /* Pods-youtubeiosUITests.release.xcconfig */ = {isa = PBXFileReference; includeInIndex = 1; lastKnownFileType = text.xcconfig; name = "Pods-youtubeiosUITests.release.xcconfig"; path = "Pods/Target Support Files/Pods-youtubeiosUITests/Pods-youtubeiosUITests.release.xcconfig"; sourceTree = "<group>"; };
		63EDD3D3D1EFBD19FB641112 /* Pods_youtubeiosTests.framework */ = {isa = PBXFileReference; explicitFileType = wrapper.framework; includeInIndex = 0; path = Pods_youtubeiosTests.framework; sourceTree = BUILT_PRODUCTS_DIR; };
		70647726790A778A062BAB57 /* Pods-youtubeiosUITests.debug.xcconfig */ = {isa = PBXFileReference; includeInIndex = 1; lastKnownFileType = text.xcconfig; name = "Pods-youtubeiosUITests.debug.xcconfig"; path = "Pods/Target Support Files/Pods-youtubeiosUITests/Pods-youtubeiosUITests.debug.xcconfig"; sourceTree = "<group>"; };
		8C0E834FB836709DCDD85D35 /* Pods_youtubeios.framework */ = {isa = PBXFileReference; explicitFileType = wrapper.framework; includeInIndex = 0; path = Pods_youtubeios.framework; sourceTree = BUILT_PRODUCTS_DIR; };
		8FB44B37CEFB52DF3E4DA659 /* Pods-youtubeiosTests.debug.xcconfig */ = {isa = PBXFileReference; includeInIndex = 1; lastKnownFileType = text.xcconfig; name = "Pods-youtubeiosTests.debug.xcconfig"; path = "Pods/Target Support Files/Pods-youtubeiosTests/Pods-youtubeiosTests.debug.xcconfig"; sourceTree = "<group>"; };
		B8A2A349820F5A8F0F46A326 /* Pods_youtubeiosUITests.framework */ = {isa = PBXFileReference; explicitFileType = wrapper.framework; includeInIndex = 0; path = Pods_youtubeiosUITests.framework; sourceTree = BUILT_PRODUCTS_DIR; };
		D131E9E3F283925AB3202E00 /* Pods-youtubeios.debug.xcconfig */ = {isa = PBXFileReference; includeInIndex = 1; lastKnownFileType = text.xcconfig; name = "Pods-youtubeios.debug.xcconfig"; path = "Pods/Target Support Files/Pods-youtubeios/Pods-youtubeios.debug.xcconfig"; sourceTree = "<group>"; };
		D4C618BCEDE0F9B09F80D003 /* Pods-youtubeiosTests.release.xcconfig */ = {isa = PBXFileReference; includeInIndex = 1; lastKnownFileType = text.xcconfig; name = "Pods-youtubeiosTests.release.xcconfig"; path = "Pods/Target Support Files/Pods-youtubeiosTests/Pods-youtubeiosTests.release.xcconfig"; sourceTree = "<group>"; };
		F30438F621C28B88A5EF6258 /* Pods-youtubeios.release.xcconfig */ = {isa = PBXFileReference; includeInIndex = 1; lastKnownFileType = text.xcconfig; name = "Pods-youtubeios.release.xcconfig"; path = "Pods/Target Support Files/Pods-youtubeios/Pods-youtubeios.release.xcconfig"; sourceTree = "<group>"; };
/* End PBXFileReference section */

/* Begin PBXFrameworksBuildPhase section */
		22C1BB511F4FE7B0008102AD /* Frameworks */ = {
			isa = PBXFrameworksBuildPhase;
			buildActionMask = 2147483647;
			files = (
				D4A357C76ADA2D5DD350F8E8 /* Pods_youtubeios.framework in Frameworks */,
			);
			runOnlyForDeploymentPostprocessing = 0;
		};
		22C1BB651F4FE7B1008102AD /* Frameworks */ = {
			isa = PBXFrameworksBuildPhase;
			buildActionMask = 2147483647;
			files = (
				7907D3A0E7291F11424F63B6 /* Pods_youtubeiosTests.framework in Frameworks */,
			);
			runOnlyForDeploymentPostprocessing = 0;
		};
		22C1BB701F4FE7B1008102AD /* Frameworks */ = {
			isa = PBXFrameworksBuildPhase;
			buildActionMask = 2147483647;
			files = (
				0037919B20ABFEAE14B9D1B4 /* Pods_youtubeiosUITests.framework in Frameworks */,
			);
			runOnlyForDeploymentPostprocessing = 0;
		};
/* End PBXFrameworksBuildPhase section */

/* Begin PBXGroup section */
		22C1BB4B1F4FE7B0008102AD = {
			isa = PBXGroup;
			children = (
				22C1BB561F4FE7B0008102AD /* youtubeios */,
				22C1BB6B1F4FE7B1008102AD /* youtubeiosTests */,
				22C1BB761F4FE7B1008102AD /* youtubeiosUITests */,
				22C1BB551F4FE7B0008102AD /* Products */,
				22C1BB851F4FE88B008102AD /* youtubeios-Bridging-Header.h */,
				76B2E5293AFCD6CD0B0D571E /* Pods */,
				E388F2B12FC14404A014CEAB /* Frameworks */,
			);
			sourceTree = "<group>";
		};
		22C1BB551F4FE7B0008102AD /* Products */ = {
			isa = PBXGroup;
			children = (
				22C1BB541F4FE7B0008102AD /* youtubeios.app */,
				22C1BB681F4FE7B1008102AD /* youtubeiosTests.xctest */,
				22C1BB731F4FE7B1008102AD /* youtubeiosUITests.xctest */,
			);
			name = Products;
			sourceTree = "<group>";
		};
		22C1BB561F4FE7B0008102AD /* youtubeios */ = {
			isa = PBXGroup;
			children = (
				22C1BB571F4FE7B0008102AD /* AppDelegate.swift */,
				22C1BB591F4FE7B0008102AD /* ViewController.swift */,
				22C1BB5B1F4FE7B1008102AD /* Main.storyboard */,
				22C1BB5E1F4FE7B1008102AD /* Assets.xcassets */,
				22C1BB601F4FE7B1008102AD /* LaunchScreen.storyboard */,
				22C1BB631F4FE7B1008102AD /* Info.plist */,
			);
			path = youtubeios;
			sourceTree = "<group>";
		};
		22C1BB6B1F4FE7B1008102AD /* youtubeiosTests */ = {
			isa = PBXGroup;
			children = (
				22C1BB6C1F4FE7B1008102AD /* youtubeiosTests.swift */,
				22C1BB6E1F4FE7B1008102AD /* Info.plist */,
			);
			path = youtubeiosTests;
			sourceTree = "<group>";
		};
		22C1BB761F4FE7B1008102AD /* youtubeiosUITests */ = {
			isa = PBXGroup;
			children = (
				22C1BB771F4FE7B1008102AD /* youtubeiosUITests.swift */,
				22C1BB791F4FE7B1008102AD /* Info.plist */,
			);
			path = youtubeiosUITests;
			sourceTree = "<group>";
		};
		76B2E5293AFCD6CD0B0D571E /* Pods */ = {
			isa = PBXGroup;
			children = (
				D131E9E3F283925AB3202E00 /* Pods-youtubeios.debug.xcconfig */,
				F30438F621C28B88A5EF6258 /* Pods-youtubeios.release.xcconfig */,
				8FB44B37CEFB52DF3E4DA659 /* Pods-youtubeiosTests.debug.xcconfig */,
				D4C618BCEDE0F9B09F80D003 /* Pods-youtubeiosTests.release.xcconfig */,
				70647726790A778A062BAB57 /* Pods-youtubeiosUITests.debug.xcconfig */,
				3403D653831A69202B7913EC /* Pods-youtubeiosUITests.release.xcconfig */,
			);
			name = Pods;
			sourceTree = "<group>";
		};
		E388F2B12FC14404A014CEAB /* Frameworks */ = {
			isa = PBXGroup;
			children = (
				8C0E834FB836709DCDD85D35 /* Pods_youtubeios.framework */,
				63EDD3D3D1EFBD19FB641112 /* Pods_youtubeiosTests.framework */,
				B8A2A349820F5A8F0F46A326 /* Pods_youtubeiosUITests.framework */,
			);
			name = Frameworks;
			sourceTree = "<group>";
		};
/* End PBXGroup section */

/* Begin PBXNativeTarget section */
		22C1BB531F4FE7B0008102AD /* youtubeios */ = {
			isa = PBXNativeTarget;
			buildConfigurationList = 22C1BB7C1F4FE7B1008102AD /* Build configuration list for PBXNativeTarget "youtubeios" */;
			buildPhases = (
				E86AE5ADD38C9CA1565DFA6C /* [CP] Check Pods Manifest.lock */,
				22C1BB501F4FE7B0008102AD /* Sources */,
				22C1BB511F4FE7B0008102AD /* Frameworks */,
				22C1BB521F4FE7B0008102AD /* Resources */,
				B1106A25CC4A5DC3E8CC47DA /* [CP] Embed Pods Frameworks */,
				02D82110DFEBF42F5433B462 /* [CP] Copy Pods Resources */,
			);
			buildRules = (
			);
			dependencies = (
			);
			name = youtubeios;
			productName = youtubeios;
			productReference = 22C1BB541F4FE7B0008102AD /* youtubeios.app */;
			productType = "com.apple.product-type.application";
		};
		22C1BB671F4FE7B1008102AD /* youtubeiosTests */ = {
			isa = PBXNativeTarget;
			buildConfigurationList = 22C1BB7F1F4FE7B1008102AD /* Build configuration list for PBXNativeTarget "youtubeiosTests" */;
			buildPhases = (
				8C7CC46F4079C25FFA5407DD /* [CP] Check Pods Manifest.lock */,
				22C1BB641F4FE7B1008102AD /* Sources */,
				22C1BB651F4FE7B1008102AD /* Frameworks */,
				22C1BB661F4FE7B1008102AD /* Resources */,
				3662070F8B791326DBAF3936 /* [CP] Embed Pods Frameworks */,
				CD7DF5218CFA7468098DD659 /* [CP] Copy Pods Resources */,
			);
			buildRules = (
			);
			dependencies = (
				22C1BB6A1F4FE7B1008102AD /* PBXTargetDependency */,
			);
			name = youtubeiosTests;
			productName = youtubeiosTests;
			productReference = 22C1BB681F4FE7B1008102AD /* youtubeiosTests.xctest */;
			productType = "com.apple.product-type.bundle.unit-test";
		};
		22C1BB721F4FE7B1008102AD /* youtubeiosUITests */ = {
			isa = PBXNativeTarget;
			buildConfigurationList = 22C1BB821F4FE7B1008102AD /* Build configuration list for PBXNativeTarget "youtubeiosUITests" */;
			buildPhases = (
				59FC726E83F2FF77247E7CCA /* [CP] Check Pods Manifest.lock */,
				22C1BB6F1F4FE7B1008102AD /* Sources */,
				22C1BB701F4FE7B1008102AD /* Frameworks */,
				22C1BB711F4FE7B1008102AD /* Resources */,
				271057F3D547307C5A8CB8E1 /* [CP] Embed Pods Frameworks */,
				DA961E00ADC4E04F3771524D /* [CP] Copy Pods Resources */,
			);
			buildRules = (
			);
			dependencies = (
				22C1BB751F4FE7B1008102AD /* PBXTargetDependency */,
			);
			name = youtubeiosUITests;
			productName = youtubeiosUITests;
			productReference = 22C1BB731F4FE7B1008102AD /* youtubeiosUITests.xctest */;
			productType = "com.apple.product-type.bundle.ui-testing";
		};
/* End PBXNativeTarget section */

/* Begin PBXProject section */
		22C1BB4C1F4FE7B0008102AD /* Project object */ = {
			isa = PBXProject;
			attributes = {
				LastSwiftUpdateCheck = 0810;
				LastUpgradeCheck = 0810;
				ORGANIZATIONNAME = MACOS;
				TargetAttributes = {
					22C1BB531F4FE7B0008102AD = {
						CreatedOnToolsVersion = 8.1;
						LastSwiftMigration = 0810;
						ProvisioningStyle = Automatic;
					};
					22C1BB671F4FE7B1008102AD = {
						CreatedOnToolsVersion = 8.1;
						ProvisioningStyle = Automatic;
						TestTargetID = 22C1BB531F4FE7B0008102AD;
					};
					22C1BB721F4FE7B1008102AD = {
						CreatedOnToolsVersion = 8.1;
						ProvisioningStyle = Automatic;
						TestTargetID = 22C1BB531F4FE7B0008102AD;
					};
				};
			};
			buildConfigurationList = 22C1BB4F1F4FE7B0008102AD /* Build configuration list for PBXProject "youtubeios" */;
			compatibilityVersion = "Xcode 3.2";
			developmentRegion = English;
			hasScannedForEncodings = 0;
			knownRegions = (
				en,
				Base,
			);
			mainGroup = 22C1BB4B1F4FE7B0008102AD;
			productRefGroup = 22C1BB551F4FE7B0008102AD /* Products */;
			projectDirPath = "";
			projectRoot = "";
			targets = (
				22C1BB531F4FE7B0008102AD /* youtubeios */,
				22C1BB671F4FE7B1008102AD /* youtubeiosTests */,
				22C1BB721F4FE7B1008102AD /* youtubeiosUITests */,
			);
		};
/* End PBXProject section */

/* Begin PBXResourcesBuildPhase section */
		22C1BB521F4FE7B0008102AD /* Resources */ = {
			isa = PBXResourcesBuildPhase;
			buildActionMask = 2147483647;
			files = (
				22C1BB621F4FE7B1008102AD /* LaunchScreen.storyboard in Resources */,
				22C1BB5F1F4FE7B1008102AD /* Assets.xcassets in Resources */,
				22C1BB5D1F4FE7B1008102AD /* Main.storyboard in Resources */,
			);
			runOnlyForDeploymentPostprocessing = 0;
		};
		22C1BB661F4FE7B1008102AD /* Resources */ = {
			isa = PBXResourcesBuildPhase;
			buildActionMask = 2147483647;
			files = (
			);
			runOnlyForDeploymentPostprocessing = 0;
		};
		22C1BB711F4FE7B1008102AD /* Resources */ = {
			isa = PBXResourcesBuildPhase;
			buildActionMask = 2147483647;
			files = (
			);
			runOnlyForDeploymentPostprocessing = 0;
		};
/* End PBXResourcesBuildPhase section */

/* Begin PBXShellScriptBuildPhase section */
		02D82110DFEBF42F5433B462 /* [CP] Copy Pods Resources */ = {
			isa = PBXShellScriptBuildPhase;
			buildActionMask = 2147483647;
			files = (
			);
			inputPaths = (
			);
			name = "[CP] Copy Pods Resources";
			outputPaths = (
			);
			runOnlyForDeploymentPostprocessing = 0;
			shellPath = /bin/sh;
			shellScript = "\"${SRCROOT}/Pods/Target Support Files/Pods-youtubeios/Pods-youtubeios-resources.sh\"\n";
			showEnvVarsInLog = 0;
		};
		271057F3D547307C5A8CB8E1 /* [CP] Embed Pods Frameworks */ = {
			isa = PBXShellScriptBuildPhase;
			buildActionMask = 2147483647;
			files = (
			);
			inputPaths = (
			);
			name = "[CP] Embed Pods Frameworks";
			outputPaths = (
			);
			runOnlyForDeploymentPostprocessing = 0;
			shellPath = /bin/sh;
			shellScript = "\"${SRCROOT}/Pods/Target Support Files/Pods-youtubeiosUITests/Pods-youtubeiosUITests-frameworks.sh\"\n";
			showEnvVarsInLog = 0;
		};
		3662070F8B791326DBAF3936 /* [CP] Embed Pods Frameworks */ = {
			isa = PBXShellScriptBuildPhase;
			buildActionMask = 2147483647;
			files = (
			);
			inputPaths = (
			);
			name = "[CP] Embed Pods Frameworks";
			outputPaths = (
			);
			runOnlyForDeploymentPostprocessing = 0;
			shellPath = /bin/sh;
			shellScript = "\"${SRCROOT}/Pods/Target Support Files/Pods-youtubeiosTests/Pods-youtubeiosTests-frameworks.sh\"\n";
			showEnvVarsInLog = 0;
		};
		59FC726E83F2FF77247E7CCA /* [CP] Check Pods Manifest.lock */ = {
			isa = PBXShellScriptBuildPhase;
			buildActionMask = 2147483647;
			files = (
			);
			inputPaths = (
				"${PODS_PODFILE_DIR_PATH}/Podfile.lock",
				"${PODS_ROOT}/Manifest.lock",
			);
			name = "[CP] Check Pods Manifest.lock";
			outputPaths = (
				"$(DERIVED_FILE_DIR)/Pods-youtubeiosUITests-checkManifestLockResult.txt",
			);
			runOnlyForDeploymentPostprocessing = 0;
			shellPath = /bin/sh;
			shellScript = "diff \"${PODS_PODFILE_DIR_PATH}/Podfile.lock\" \"${PODS_ROOT}/Manifest.lock\" > /dev/null\nif [ $? != 0 ] ; then\n    # print error to STDERR\n    echo \"error: The sandbox is not in sync with the Podfile.lock. Run 'pod install' or update your CocoaPods installation.\" >&2\n    exit 1\nfi\n# This output is used by Xcode 'outputs' to avoid re-running this script phase.\necho \"SUCCESS\" > \"${SCRIPT_OUTPUT_FILE_0}\"\n";
			showEnvVarsInLog = 0;
		};
		8C7CC46F4079C25FFA5407DD /* [CP] Check Pods Manifest.lock */ = {
			isa = PBXShellScriptBuildPhase;
			buildActionMask = 2147483647;
			files = (
			);
			inputPaths = (
				"${PODS_PODFILE_DIR_PATH}/Podfile.lock",
				"${PODS_ROOT}/Manifest.lock",
			);
			name = "[CP] Check Pods Manifest.lock";
			outputPaths = (
				"$(DERIVED_FILE_DIR)/Pods-youtubeiosTests-checkManifestLockResult.txt",
			);
			runOnlyForDeploymentPostprocessing = 0;
			shellPath = /bin/sh;
			shellScript = "diff \"${PODS_PODFILE_DIR_PATH}/Podfile.lock\" \"${PODS_ROOT}/Manifest.lock\" > /dev/null\nif [ $? != 0 ] ; then\n    # print error to STDERR\n    echo \"error: The sandbox is not in sync with the Podfile.lock. Run 'pod install' or update your CocoaPods installation.\" >&2\n    exit 1\nfi\n# This output is used by Xcode 'outputs' to avoid re-running this script phase.\necho \"SUCCESS\" > \"${SCRIPT_OUTPUT_FILE_0}\"\n";
			showEnvVarsInLog = 0;
		};
		B1106A25CC4A5DC3E8CC47DA /* [CP] Embed Pods Frameworks */ = {
			isa = PBXShellScriptBuildPhase;
			buildActionMask = 2147483647;
			files = (
			);
			inputPaths = (
				"${SRCROOT}/Pods/Target Support Files/Pods-youtubeios/Pods-youtubeios-frameworks.sh",
				"${BUILT_PRODUCTS_DIR}/youtube-ios-player-helper/youtube_ios_player_helper.framework",
			);
			name = "[CP] Embed Pods Frameworks";
			outputPaths = (
				"${TARGET_BUILD_DIR}/${FRAMEWORKS_FOLDER_PATH}/youtube_ios_player_helper.framework",
			);
			runOnlyForDeploymentPostprocessing = 0;
			shellPath = /bin/sh;
			shellScript = "\"${SRCROOT}/Pods/Target Support Files/Pods-youtubeios/Pods-youtubeios-frameworks.sh\"\n";
			showEnvVarsInLog = 0;
		};
		CD7DF5218CFA7468098DD659 /* [CP] Copy Pods Resources */ = {
			isa = PBXShellScriptBuildPhase;
			buildActionMask = 2147483647;
			files = (
			);
			inputPaths = (
			);
			name = "[CP] Copy Pods Resources";
			outputPaths = (
			);
			runOnlyForDeploymentPostprocessing = 0;
			shellPath = /bin/sh;
			shellScript = "\"${SRCROOT}/Pods/Target Support Files/Pods-youtubeiosTests/Pods-youtubeiosTests-resources.sh\"\n";
			showEnvVarsInLog = 0;
		};
		DA961E00ADC4E04F3771524D /* [CP] Copy Pods Resources */ = {
			isa = PBXShellScriptBuildPhase;
			buildActionMask = 2147483647;
			files = (
			);
			inputPaths = (
			);
			name = "[CP] Copy Pods Resources";
			outputPaths = (
			);
			runOnlyForDeploymentPostprocessing = 0;
			shellPath = /bin/sh;
			shellScript = "\"${SRCROOT}/Pods/Target Support Files/Pods-youtubeiosUITests/Pods-youtubeiosUITests-resources.sh\"\n";
			showEnvVarsInLog = 0;
		};
		E86AE5ADD38C9CA1565DFA6C /* [CP] Check Pods Manifest.lock */ = {
			isa = PBXShellScriptBuildPhase;
			buildActionMask = 2147483647;
			files = (
			);
			inputPaths = (
				"${PODS_PODFILE_DIR_PATH}/Podfile.lock",
				"${PODS_ROOT}/Manifest.lock",
			);
			name = "[CP] Check Pods Manifest.lock";
			outputPaths = (
				"$(DERIVED_FILE_DIR)/Pods-youtubeios-checkManifestLockResult.txt",
			);
			runOnlyForDeploymentPostprocessing = 0;
			shellPath = /bin/sh;
			shellScript = "diff \"${PODS_PODFILE_DIR_PATH}/Podfile.lock\" \"${PODS_ROOT}/Manifest.lock\" > /dev/null\nif [ $? != 0 ] ; then\n    # print error to STDERR\n    echo \"error: The sandbox is not in sync with the Podfile.lock. Run 'pod install' or update your CocoaPods installation.\" >&2\n    exit 1\nfi\n# This output is used by Xcode 'outputs' to avoid re-running this script phase.\necho \"SUCCESS\" > \"${SCRIPT_OUTPUT_FILE_0}\"\n";
			showEnvVarsInLog = 0;
		};
/* End PBXShellScriptBuildPhase section */

/* Begin PBXSourcesBuildPhase section */
		22C1BB501F4FE7B0008102AD /* Sources */ = {
			isa = PBXSourcesBuildPhase;
			buildActionMask = 2147483647;
			files = (
				22C1BB5A1F4FE7B0008102AD /* ViewController.swift in Sources */,
				22C1BB581F4FE7B0008102AD /* AppDelegate.swift in Sources */,
			);
			runOnlyForDeploymentPostprocessing = 0;
		};
		22C1BB641F4FE7B1008102AD /* Sources */ = {
			isa = PBXSourcesBuildPhase;
			buildActionMask = 2147483647;
			files = (
				22C1BB6D1F4FE7B1008102AD /* youtubeiosTests.swift in Sources */,
			);
			runOnlyForDeploymentPostprocessing = 0;
		};
		22C1BB6F1F4FE7B1008102AD /* Sources */ = {
			isa = PBXSourcesBuildPhase;
			buildActionMask = 2147483647;
			files = (
				22C1BB781F4FE7B1008102AD /* youtubeiosUITests.swift in Sources */,
			);
			runOnlyForDeploymentPostprocessing = 0;
		};
/* End PBXSourcesBuildPhase section */

/* Begin PBXTargetDependency section */
		22C1BB6A1F4FE7B1008102AD /* PBXTargetDependency */ = {
			isa = PBXTargetDependency;
			target = 22C1BB531F4FE7B0008102AD /* youtubeios */;
			targetProxy = 22C1BB691F4FE7B1008102AD /* PBXContainerItemProxy */;
		};
		22C1BB751F4FE7B1008102AD /* PBXTargetDependency */ = {
			isa = PBXTargetDependency;
			target = 22C1BB531F4FE7B0008102AD /* youtubeios */;
			targetProxy = 22C1BB741F4FE7B1008102AD /* PBXContainerItemProxy */;
		};
/* End PBXTargetDependency section */

/* Begin PBXVariantGroup section */
		22C1BB5B1F4FE7B1008102AD /* Main.storyboard */ = {
			isa = PBXVariantGroup;
			children = (
				22C1BB5C1F4FE7B1008102AD /* Base */,
			);
			name = Main.storyboard;
			sourceTree = "<group>";
		};
		22C1BB601F4FE7B1008102AD /* LaunchScreen.storyboard */ = {
			isa = PBXVariantGroup;
			children = (
				22C1BB611F4FE7B1008102AD /* Base */,
			);
			name = LaunchScreen.storyboard;
			sourceTree = "<group>";
		};
/* End PBXVariantGroup section */

/* Begin XCBuildConfiguration section */
		22C1BB7A1F4FE7B1008102AD /* Debug */ = {
			isa = XCBuildConfiguration;
			buildSettings = {
				ALWAYS_SEARCH_USER_PATHS = NO;
				CLANG_ANALYZER_NONNULL = YES;
				CLANG_CXX_LANGUAGE_STANDARD = "gnu++0x";
				CLANG_CXX_LIBRARY = "libc++";
				CLANG_ENABLE_MODULES = YES;
				CLANG_ENABLE_OBJC_ARC = YES;
				CLANG_WARN_BOOL_CONVERSION = YES;
				CLANG_WARN_CONSTANT_CONVERSION = YES;
				CLANG_WARN_DIRECT_OBJC_ISA_USAGE = YES_ERROR;
				CLANG_WARN_DOCUMENTATION_COMMENTS = YES;
				CLANG_WARN_EMPTY_BODY = YES;
				CLANG_WARN_ENUM_CONVERSION = YES;
				CLANG_WARN_INFINITE_RECURSION = YES;
				CLANG_WARN_INT_CONVERSION = YES;
				CLANG_WARN_OBJC_ROOT_CLASS = YES_ERROR;
				CLANG_WARN_SUSPICIOUS_MOVES = YES;
				CLANG_WARN_UNREACHABLE_CODE = YES;
				CLANG_WARN__DUPLICATE_METHOD_MATCH = YES;
				"CODE_SIGN_IDENTITY[sdk=iphoneos*]" = "iPhone Developer";
				COPY_PHASE_STRIP = NO;
				DEBUG_INFORMATION_FORMAT = dwarf;
				ENABLE_STRICT_OBJC_MSGSEND = YES;
				ENABLE_TESTABILITY = YES;
				GCC_C_LANGUAGE_STANDARD = gnu99;
				GCC_DYNAMIC_NO_PIC = NO;
				GCC_NO_COMMON_BLOCKS = YES;
				GCC_OPTIMIZATION_LEVEL = 0;
				GCC_PREPROCESSOR_DEFINITIONS = (
					"DEBUG=1",
					"$(inherited)",
				);
				GCC_WARN_64_TO_32_BIT_CONVERSION = YES;
				GCC_WARN_ABOUT_RETURN_TYPE = YES_ERROR;
				GCC_WARN_UNDECLARED_SELECTOR = YES;
				GCC_WARN_UNINITIALIZED_AUTOS = YES_AGGRESSIVE;
				GCC_WARN_UNUSED_FUNCTION = YES;
				GCC_WARN_UNUSED_VARIABLE = YES;
				IPHONEOS_DEPLOYMENT_TARGET = 10.1;
				MTL_ENABLE_DEBUG_INFO = YES;
				ONLY_ACTIVE_ARCH = YES;
				SDKROOT = iphoneos;
				SWIFT_ACTIVE_COMPILATION_CONDITIONS = DEBUG;
				SWIFT_OPTIMIZATION_LEVEL = "-Onone";
			};
			name = Debug;
		};
		22C1BB7B1F4FE7B1008102AD /* Release */ = {
			isa = XCBuildConfiguration;
			buildSettings = {
				ALWAYS_SEARCH_USER_PATHS = NO;
				CLANG_ANALYZER_NONNULL = YES;
				CLANG_CXX_LANGUAGE_STANDARD = "gnu++0x";
				CLANG_CXX_LIBRARY = "libc++";
				CLANG_ENABLE_MODULES = YES;
				CLANG_ENABLE_OBJC_ARC = YES;
				CLANG_WARN_BOOL_CONVERSION = YES;
				CLANG_WARN_CONSTANT_CONVERSION = YES;
				CLANG_WARN_DIRECT_OBJC_ISA_USAGE = YES_ERROR;
				CLANG_WARN_DOCUMENTATION_COMMENTS = YES;
				CLANG_WARN_EMPTY_BODY = YES;
				CLANG_WARN_ENUM_CONVERSION = YES;
				CLANG_WARN_INFINITE_RECURSION = YES;
				CLANG_WARN_INT_CONVERSION = YES;
				CLANG_WARN_OBJC_ROOT_CLASS = YES_ERROR;
				CLANG_WARN_SUSPICIOUS_MOVES = YES;
				CLANG_WARN_UNREACHABLE_CODE = YES;
				CLANG_WARN__DUPLICATE_METHOD_MATCH = YES;
				"CODE_SIGN_IDENTITY[sdk=iphoneos*]" = "iPhone Developer";
				COPY_PHASE_STRIP = NO;
				DEBUG_INFORMATION_FORMAT = "dwarf-with-dsym";
				ENABLE_NS_ASSERTIONS = NO;
				ENABLE_STRICT_OBJC_MSGSEND = YES;
				GCC_C_LANGUAGE_STANDARD = gnu99;
				GCC_NO_COMMON_BLOCKS = YES;
				GCC_WARN_64_TO_32_BIT_CONVERSION = YES;
				GCC_WARN_ABOUT_RETURN_TYPE = YES_ERROR;
				GCC_WARN_UNDECLARED_SELECTOR = YES;
				GCC_WARN_UNINITIALIZED_AUTOS = YES_AGGRESSIVE;
				GCC_WARN_UNUSED_FUNCTION = YES;
				GCC_WARN_UNUSED_VARIABLE = YES;
				IPHONEOS_DEPLOYMENT_TARGET = 10.1;
				MTL_ENABLE_DEBUG_INFO = NO;
				SDKROOT = iphoneos;
				SWIFT_OPTIMIZATION_LEVEL = "-Owholemodule";
				VALIDATE_PRODUCT = YES;
			};
			name = Release;
		};
		22C1BB7D1F4FE7B1008102AD /* Debug */ = {
			isa = XCBuildConfiguration;
			baseConfigurationReference = D131E9E3F283925AB3202E00 /* Pods-youtubeios.debug.xcconfig */;
			buildSettings = {
				ASSETCATALOG_COMPILER_APPICON_NAME = AppIcon;
				CLANG_ENABLE_MODULES = YES;
				INFOPLIST_FILE = youtubeios/Info.plist;
				LD_RUNPATH_SEARCH_PATHS = "$(inherited) @executable_path/Frameworks";
				PRODUCT_BUNDLE_IDENTIFIER = dfdf.youtubeios;
				PRODUCT_NAME = "$(TARGET_NAME)";
				SWIFT_OBJC_BRIDGING_HEADER = "youtubeios-Bridging-Header.h";
				SWIFT_OPTIMIZATION_LEVEL = "-Onone";
				SWIFT_VERSION = 3.0;
			};
			name = Debug;
		};
		22C1BB7E1F4FE7B1008102AD /* Release */ = {
			isa = XCBuildConfiguration;
			baseConfigurationReference = F30438F621C28B88A5EF6258 /* Pods-youtubeios.release.xcconfig */;
			buildSettings = {
				ASSETCATALOG_COMPILER_APPICON_NAME = AppIcon;
				CLANG_ENABLE_MODULES = YES;
				INFOPLIST_FILE = youtubeios/Info.plist;
				LD_RUNPATH_SEARCH_PATHS = "$(inherited) @executable_path/Frameworks";
				PRODUCT_BUNDLE_IDENTIFIER = dfdf.youtubeios;
				PRODUCT_NAME = "$(TARGET_NAME)";
				SWIFT_OBJC_BRIDGING_HEADER = "youtubeios-Bridging-Header.h";
				SWIFT_VERSION = 3.0;
			};
			name = Release;
		};
		22C1BB801F4FE7B1008102AD /* Debug */ = {
			isa = XCBuildConfiguration;
			baseConfigurationReference = 8FB44B37CEFB52DF3E4DA659 /* Pods-youtubeiosTests.debug.xcconfig */;
			buildSettings = {
				ALWAYS_EMBED_SWIFT_STANDARD_LIBRARIES = YES;
				BUNDLE_LOADER = "$(TEST_HOST)";
				INFOPLIST_FILE = youtubeiosTests/Info.plist;
				LD_RUNPATH_SEARCH_PATHS = "$(inherited) @executable_path/Frameworks @loader_path/Frameworks";
				PRODUCT_BUNDLE_IDENTIFIER = dfdf.youtubeiosTests;
				PRODUCT_NAME = "$(TARGET_NAME)";
				SWIFT_VERSION = 3.0;
				TEST_HOST = "$(BUILT_PRODUCTS_DIR)/youtubeios.app/youtubeios";
			};
			name = Debug;
		};
		22C1BB811F4FE7B1008102AD /* Release */ = {
			isa = XCBuildConfiguration;
			baseConfigurationReference = D4C618BCEDE0F9B09F80D003 /* Pods-youtubeiosTests.release.xcconfig */;
			buildSettings = {
				ALWAYS_EMBED_SWIFT_STANDARD_LIBRARIES = YES;
				BUNDLE_LOADER = "$(TEST_HOST)";
				INFOPLIST_FILE = youtubeiosTests/Info.plist;
				LD_RUNPATH_SEARCH_PATHS = "$(inherited) @executable_path/Frameworks @loader_path/Frameworks";
				PRODUCT_BUNDLE_IDENTIFIER = dfdf.youtubeiosTests;
				PRODUCT_NAME = "$(TARGET_NAME)";
				SWIFT_VERSION = 3.0;
				TEST_HOST = "$(BUILT_PRODUCTS_DIR)/youtubeios.app/youtubeios";
			};
			name = Release;
		};
		22C1BB831F4FE7B1008102AD /* Debug */ = {
			isa = XCBuildConfiguration;
			baseConfigurationReference = 70647726790A778A062BAB57 /* Pods-youtubeiosUITests.debug.xcconfig */;
			buildSettings = {
				ALWAYS_EMBED_SWIFT_STANDARD_LIBRARIES = YES;
				INFOPLIST_FILE = youtubeiosUITests/Info.plist;
				LD_RUNPATH_SEARCH_PATHS = "$(inherited) @executable_path/Frameworks @loader_path/Frameworks";
				PRODUCT_BUNDLE_IDENTIFIER = dfdf.youtubeiosUITests;
				PRODUCT_NAME = "$(TARGET_NAME)";
				SWIFT_VERSION = 3.0;
				TEST_TARGET_NAME = youtubeios;
			};
			name = Debug;
		};
		22C1BB841F4FE7B1008102AD /* Release */ = {
			isa = XCBuildConfiguration;
			baseConfigurationReference = 3403D653831A69202B7913EC /* Pods-youtubeiosUITests.release.xcconfig */;
			buildSettings = {
				ALWAYS_EMBED_SWIFT_STANDARD_LIBRARIES = YES;
				INFOPLIST_FILE = youtubeiosUITests/Info.plist;
				LD_RUNPATH_SEARCH_PATHS = "$(inherited) @executable_path/Frameworks @loader_path/Frameworks";
				PRODUCT_BUNDLE_IDENTIFIER = dfdf.youtubeiosUITests;
				PRODUCT_NAME = "$(TARGET_NAME)";
				SWIFT_VERSION = 3.0;
				TEST_TARGET_NAME = youtubeios;
			};
			name = Release;
		};
/* End XCBuildConfiguration section */

/* Begin XCConfigurationList section */
		22C1BB4F1F4FE7B0008102AD /* Build configuration list for PBXProject "youtubeios" */ = {
			isa = XCConfigurationList;
			buildConfigurations = (
				22C1BB7A1F4FE7B1008102AD /* Debug */,
				22C1BB7B1F4FE7B1008102AD /* Release */,
			);
			defaultConfigurationIsVisible = 0;
			defaultConfigurationName = Release;
		};
		22C1BB7C1F4FE7B1008102AD /* Build configuration list for PBXNativeTarget "youtubeios" */ = {
			isa = XCConfigurationList;
			buildConfigurations = (
				22C1BB7D1F4FE7B1008102AD /* Debug */,
				22C1BB7E1F4FE7B1008102AD /* Release */,
			);
			defaultConfigurationIsVisible = 0;
		};
		22C1BB7F1F4FE7B1008102AD /* Build configuration list for PBXNativeTarget "youtubeiosTests" */ = {
			isa = XCConfigurationList;
			buildConfigurations = (
				22C1BB801F4FE7B1008102AD /* Debug */,
				22C1BB811F4FE7B1008102AD /* Release */,
			);
			defaultConfigurationIsVisible = 0;
		};
		22C1BB821F4FE7B1008102AD /* Build configuration list for PBXNativeTarget "youtubeiosUITests" */ = {
			isa = XCConfigurationList;
			buildConfigurations = (
				22C1BB831F4FE7B1008102AD /* Debug */,
				22C1BB841F4FE7B1008102AD /* Release */,
			);
			defaultConfigurationIsVisible = 0;
		};
/* End XCConfigurationList section */
	};
	rootObject = 22C1BB4C1F4FE7B0008102AD /* Project object */;
}
